
Microsoft Visual Studio Solution File, Format Version 12.00
Project("{2150E333-8FDC-42A3-9474-1A3956D46DE8}") = "AuthService", "AuthService", "{8C1AEDB4-FBD5-42C4-B839-6E726E84E8CA}"
EndProject
Project("{2150E333-8FDC-42A3-9474-1A3956D46DE8}") = "Core", "Core", "{20453755-BE2D-4E26-8E5F-7AAE3B5DD48D}"
EndProject
Project("{2150E333-8FDC-42A3-9474-1A3956D46DE8}") = "External", "External", "{7C90F412-2462-4A1C-8F4C-6CB4D3C382A4}"
EndProject
Project("{FAE04EC0-301F-11D3-BF4B-00C04F79EFBC}") = "API", "API\API.csproj", "{100FBC52-2284-4FE3-A834-D8212696D163}"
EndProject
Project("{FAE04EC0-301F-11D3-BF4B-00C04F79EFBC}") = "Infrastucture", "Infrastucture\Infrastucture.csproj", "{790660F3-D6BE-4E7F-BD98-D20BFC8F1372}"
EndProject
Project("{FAE04EC0-301F-11D3-BF4B-00C04F79EFBC}") = "Application", "Application\Application.csproj", "{FEC9E407-4445-457F-99A3-D2B02D5BCD11}"
EndProject
Project("{FAE04EC0-301F-11D3-BF4B-00C04F79EFBC}") = "Domain", "Domain\Domain.csproj", "{85181245-C683-4FC8-B640-3A71963A5F05}"
EndProject
Project("{2150E333-8FDC-42A3-9474-1A3956D46DE8}") = "Tools", "Tools", "{AEECFABC-BD1E-463B-952B-7F80E7399030}"
EndProject
Project("{FAE04EC0-301F-11D3-BF4B-00C04F79EFBC}") = "DataBaseMigrator", "DataBaseMigrator\DataBaseMigrator.csproj", "{E85AD0D8-4652-49AE-BA45-5640153DB38C}"
EndProject
Global
	GlobalSection(SolutionConfigurationPlatforms) = preSolution
		Debug|Any CPU = Debug|Any CPU
		Release|Any CPU = Release|Any CPU
	EndGlobalSection
	GlobalSection(NestedProjects) = preSolution
		{20453755-BE2D-4E26-8E5F-7AAE3B5DD48D} = {8C1AEDB4-FBD5-42C4-B839-6E726E84E8CA}
		{7C90F412-2462-4A1C-8F4C-6CB4D3C382A4} = {8C1AEDB4-FBD5-42C4-B839-6E726E84E8CA}
		{100FBC52-2284-4FE3-A834-D8212696D163} = {7C90F412-2462-4A1C-8F4C-6CB4D3C382A4}
		{790660F3-D6BE-4E7F-BD98-D20BFC8F1372} = {7C90F412-2462-4A1C-8F4C-6CB4D3C382A4}
		{FEC9E407-4445-457F-99A3-D2B02D5BCD11} = {20453755-BE2D-4E26-8E5F-7AAE3B5DD48D}
		{85181245-C683-4FC8-B640-3A71963A5F05} = {20453755-BE2D-4E26-8E5F-7AAE3B5DD48D}
		{E85AD0D8-4652-49AE-BA45-5640153DB38C} = {AEECFABC-BD1E-463B-952B-7F80E7399030}
	EndGlobalSection
	GlobalSection(ProjectConfigurationPlatforms) = postSolution
		{100FBC52-2284-4FE3-A834-D8212696D163}.Debug|Any CPU.ActiveCfg = Debug|Any CPU
		{100FBC52-2284-4FE3-A834-D8212696D163}.Debug|Any CPU.Build.0 = Debug|Any CPU
		{100FBC52-2284-4FE3-A834-D8212696D163}.Release|Any CPU.ActiveCfg = Release|Any CPU
		{100FBC52-2284-4FE3-A834-D8212696D163}.Release|Any CPU.Build.0 = Release|Any CPU
		{790660F3-D6BE-4E7F-BD98-D20BFC8F1372}.Debug|Any CPU.ActiveCfg = Debug|Any CPU
		{790660F3-D6BE-4E7F-BD98-D20BFC8F1372}.Debug|Any CPU.Build.0 = Debug|Any CPU
		{790660F3-D6BE-4E7F-BD98-D20BFC8F1372}.Release|Any CPU.ActiveCfg = Release|Any CPU
		{790660F3-D6BE-4E7F-BD98-D20BFC8F1372}.Release|Any CPU.Build.0 = Release|Any CPU
		{FEC9E407-4445-457F-99A3-D2B02D5BCD11}.Debug|Any CPU.ActiveCfg = Debug|Any CPU
		{FEC9E407-4445-457F-99A3-D2B02D5BCD11}.Debug|Any CPU.Build.0 = Debug|Any CPU
		{FEC9E407-4445-457F-99A3-D2B02D5BCD11}.Release|Any CPU.ActiveCfg = Release|Any CPU
		{FEC9E407-4445-457F-99A3-D2B02D5BCD11}.Release|Any CPU.Build.0 = Release|Any CPU
		{85181245-C683-4FC8-B640-3A71963A5F05}.Debug|Any CPU.ActiveCfg = Debug|Any CPU
		{85181245-C683-4FC8-B640-3A71963A5F05}.Debug|Any CPU.Build.0 = Debug|Any CPU
		{85181245-C683-4FC8-B640-3A71963A5F05}.Release|Any CPU.ActiveCfg = Release|Any CPU
		{85181245-C683-4FC8-B640-3A71963A5F05}.Release|Any CPU.Build.0 = Release|Any CPU
		{E85AD0D8-4652-49AE-BA45-5640153DB38C}.Debug|Any CPU.ActiveCfg = Debug|Any CPU
		{E85AD0D8-4652-49AE-BA45-5640153DB38C}.Debug|Any CPU.Build.0 = Debug|Any CPU
		{E85AD0D8-4652-49AE-BA45-5640153DB38C}.Release|Any CPU.ActiveCfg = Release|Any CPU
		{E85AD0D8-4652-49AE-BA45-5640153DB38C}.Release|Any CPU.Build.0 = Release|Any CPU
	EndGlobalSection
EndGlobal
