
Microsoft Visual Studio Solution File, Format Version 12.00
Project("{2150E333-8FDC-42A3-9474-1A3956D46DE8}") = "AuthService", "AuthService", "{8C1AEDB4-FBD5-42C4-B839-6E726E84E8CA}"
EndProject
Project("{2150E333-8FDC-42A3-9474-1A3956D46DE8}") = "Core", "Core", "{20453755-BE2D-4E26-8E5F-7AAE3B5DD48D}"
EndProject
Project("{2150E333-8FDC-42A3-9474-1A3956D46DE8}") = "External", "External", "{7C90F412-2462-4A1C-8F4C-6CB4D3C382A4}"
EndProject
Project("{FAE04EC0-301F-11D3-BF4B-00C04F79EFBC}") = "API", "API\API.csproj", "{100FBC52-2284-4FE3-A834-D8212696D163}"
EndProject
Project("{FAE04EC0-301F-11D3-BF4B-00C04F79EFBC}") = "Infrastructure", "Infrastructure\Infrastructure.csproj", "{790660F3-D6BE-4E7F-BD98-D20BFC8F1372}"
EndProject
Project("{FAE04EC0-301F-11D3-BF4B-00C04F79EFBC}") = "Application", "Application\Application.csproj", "{FEC9E407-4445-457F-99A3-D2B02D5BCD11}"
EndProject
Project("{FAE04EC0-301F-11D3-BF4B-00C04F79EFBC}") = "Domain", "Domain\Domain.csproj", "{85181245-C683-4FC8-B640-3A71963A5F05}"
EndProject
Project("{2150E333-8FDC-42A3-9474-1A3956D46DE8}") = "Tools", "Tools", "{AEECFABC-BD1E-463B-952B-7F80E7399030}"
EndProject
Project("{FAE04EC0-301F-11D3-BF4B-00C04F79EFBC}") = "DataBaseMigrator", "DataBaseMigrator\DataBaseMigrator.csproj", "{E85AD0D8-4652-49AE-BA45-5640153DB38C}"
EndProject
Project("{2150E333-8FDC-42A3-9474-1A3956D46DE8}") = "UserService", "UserService", "{01BAF2D4-1026-4FE5-A9F0-E34805B8B154}"
EndProject
Project("{FAE04EC0-301F-11D3-BF4B-00C04F79EFBC}") = "UserAPI", "UserAPI\UserAPI.csproj", "{E5269D84-A655-49CF-BC38-B8DED71BDBD5}"
EndProject
Project("{2150E333-8FDC-42A3-9474-1A3956D46DE8}") = "Core", "Core", "{08255AE9-ACFA-43A9-B0D1-76057BBBBF51}"
EndProject
Project("{FAE04EC0-301F-11D3-BF4B-00C04F79EFBC}") = "UserDomain", "UserDomain\UserDomain.csproj", "{02ED7D51-96D3-48F4-8C6F-C4DD259B948C}"
EndProject
Project("{FAE04EC0-301F-11D3-BF4B-00C04F79EFBC}") = "UserApplication", "UserApplication\UserApplication.csproj", "{6C8318B4-96F4-46EA-9746-B6E031EE0384}"
EndProject
Project("{2150E333-8FDC-42A3-9474-1A3956D46DE8}") = "External", "External", "{14D4AF59-CF54-466F-9999-3FEFBBD59332}"
EndProject
Project("{FAE04EC0-301F-11D3-BF4B-00C04F79EFBC}") = "UserInfrastucture", "UserInfrastucture\UserInfrastucture.csproj", "{11A12C48-C17D-4356-8BC2-A89F047E1D31}"
EndProject
Project("{2150E333-8FDC-42A3-9474-1A3956D46DE8}") = "BlogService", "BlogService", "{A5B43851-4A66-480D-AB45-578F7F61D8D6}"
EndProject
Project("{2150E333-8FDC-42A3-9474-1A3956D46DE8}") = "Core", "Core", "{22FC6284-9867-41A3-857A-C5DEE91F60A7}"
EndProject
Project("{2150E333-8FDC-42A3-9474-1A3956D46DE8}") = "External", "External", "{7BE1DBBC-6AA4-40CD-9494-02CDD6A4F8D4}"
EndProject
Project("{FAE04EC0-301F-11D3-BF4B-00C04F79EFBC}") = "BlogAPI", "BlogAPI\BlogAPI.csproj", "{B734F1B6-F56B-4A2B-A31C-F4CA7204E8F9}"
EndProject
Project("{FAE04EC0-301F-11D3-BF4B-00C04F79EFBC}") = "BlogDomain", "BlogDomain\BlogDomain.csproj", "{052D0BB9-085B-4429-ABCC-9950D7C280E6}"
EndProject
Project("{FAE04EC0-301F-11D3-BF4B-00C04F79EFBC}") = "BlogApplication", "BlogApplication\BlogApplication.csproj", "{7C40F1F7-DD6A-4F37-B77D-8B3728D02CF1}"
EndProject
Project("{FAE04EC0-301F-11D3-BF4B-00C04F79EFBC}") = "BlogInfrastructure", "BlogInfrastructure\BlogInfrastructure.csproj", "{20E8C0C5-6F33-4BAF-8BE1-CE5164DED005}"
EndProject
Project("{2150E333-8FDC-42A3-9474-1A3956D46DE8}") = "GateWay", "GateWay", "{BE2EBD05-80E1-4E6F-98A0-D83D3B3B79F4}"
EndProject
Project("{FAE04EC0-301F-11D3-BF4B-00C04F79EFBC}") = "GatewayAPI", "GatewayAPI\GatewayAPI.csproj", "{2EAC40D7-3D74-4D02-BE1D-6D1C78123315}"
EndProject
Global
	GlobalSection(SolutionConfigurationPlatforms) = preSolution
		Debug|Any CPU = Debug|Any CPU
		Release|Any CPU = Release|Any CPU
	EndGlobalSection
	GlobalSection(NestedProjects) = preSolution
		{20453755-BE2D-4E26-8E5F-7AAE3B5DD48D} = {8C1AEDB4-FBD5-42C4-B839-6E726E84E8CA}
		{7C90F412-2462-4A1C-8F4C-6CB4D3C382A4} = {8C1AEDB4-FBD5-42C4-B839-6E726E84E8CA}
		{100FBC52-2284-4FE3-A834-D8212696D163} = {7C90F412-2462-4A1C-8F4C-6CB4D3C382A4}
		{790660F3-D6BE-4E7F-BD98-D20BFC8F1372} = {7C90F412-2462-4A1C-8F4C-6CB4D3C382A4}
		{FEC9E407-4445-457F-99A3-D2B02D5BCD11} = {20453755-BE2D-4E26-8E5F-7AAE3B5DD48D}
		{85181245-C683-4FC8-B640-3A71963A5F05} = {20453755-BE2D-4E26-8E5F-7AAE3B5DD48D}
		{E85AD0D8-4652-49AE-BA45-5640153DB38C} = {AEECFABC-BD1E-463B-952B-7F80E7399030}
		{08255AE9-ACFA-43A9-B0D1-76057BBBBF51} = {01BAF2D4-1026-4FE5-A9F0-E34805B8B154}
		{02ED7D51-96D3-48F4-8C6F-C4DD259B948C} = {08255AE9-ACFA-43A9-B0D1-76057BBBBF51}
		{6C8318B4-96F4-46EA-9746-B6E031EE0384} = {08255AE9-ACFA-43A9-B0D1-76057BBBBF51}
		{14D4AF59-CF54-466F-9999-3FEFBBD59332} = {01BAF2D4-1026-4FE5-A9F0-E34805B8B154}
		{11A12C48-C17D-4356-8BC2-A89F047E1D31} = {14D4AF59-CF54-466F-9999-3FEFBBD59332}
		{E5269D84-A655-49CF-BC38-B8DED71BDBD5} = {14D4AF59-CF54-466F-9999-3FEFBBD59332}
		{22FC6284-9867-41A3-857A-C5DEE91F60A7} = {A5B43851-4A66-480D-AB45-578F7F61D8D6}
		{7BE1DBBC-6AA4-40CD-9494-02CDD6A4F8D4} = {A5B43851-4A66-480D-AB45-578F7F61D8D6}
		{B734F1B6-F56B-4A2B-A31C-F4CA7204E8F9} = {7BE1DBBC-6AA4-40CD-9494-02CDD6A4F8D4}
		{052D0BB9-085B-4429-ABCC-9950D7C280E6} = {22FC6284-9867-41A3-857A-C5DEE91F60A7}
		{7C40F1F7-DD6A-4F37-B77D-8B3728D02CF1} = {22FC6284-9867-41A3-857A-C5DEE91F60A7}
		{20E8C0C5-6F33-4BAF-8BE1-CE5164DED005} = {7BE1DBBC-6AA4-40CD-9494-02CDD6A4F8D4}
		{2EAC40D7-3D74-4D02-BE1D-6D1C78123315} = {BE2EBD05-80E1-4E6F-98A0-D83D3B3B79F4}
	EndGlobalSection
	GlobalSection(ProjectConfigurationPlatforms) = postSolution
		{100FBC52-2284-4FE3-A834-D8212696D163}.Debug|Any CPU.ActiveCfg = Debug|Any CPU
		{100FBC52-2284-4FE3-A834-D8212696D163}.Debug|Any CPU.Build.0 = Debug|Any CPU
		{100FBC52-2284-4FE3-A834-D8212696D163}.Release|Any CPU.ActiveCfg = Release|Any CPU
		{100FBC52-2284-4FE3-A834-D8212696D163}.Release|Any CPU.Build.0 = Release|Any CPU
		{790660F3-D6BE-4E7F-BD98-D20BFC8F1372}.Debug|Any CPU.ActiveCfg = Debug|Any CPU
		{790660F3-D6BE-4E7F-BD98-D20BFC8F1372}.Debug|Any CPU.Build.0 = Debug|Any CPU
		{790660F3-D6BE-4E7F-BD98-D20BFC8F1372}.Release|Any CPU.ActiveCfg = Release|Any CPU
		{790660F3-D6BE-4E7F-BD98-D20BFC8F1372}.Release|Any CPU.Build.0 = Release|Any CPU
		{FEC9E407-4445-457F-99A3-D2B02D5BCD11}.Debug|Any CPU.ActiveCfg = Debug|Any CPU
		{FEC9E407-4445-457F-99A3-D2B02D5BCD11}.Debug|Any CPU.Build.0 = Debug|Any CPU
		{FEC9E407-4445-457F-99A3-D2B02D5BCD11}.Release|Any CPU.ActiveCfg = Release|Any CPU
		{FEC9E407-4445-457F-99A3-D2B02D5BCD11}.Release|Any CPU.Build.0 = Release|Any CPU
		{85181245-C683-4FC8-B640-3A71963A5F05}.Debug|Any CPU.ActiveCfg = Debug|Any CPU
		{85181245-C683-4FC8-B640-3A71963A5F05}.Debug|Any CPU.Build.0 = Debug|Any CPU
		{85181245-C683-4FC8-B640-3A71963A5F05}.Release|Any CPU.ActiveCfg = Release|Any CPU
		{85181245-C683-4FC8-B640-3A71963A5F05}.Release|Any CPU.Build.0 = Release|Any CPU
		{E85AD0D8-4652-49AE-BA45-5640153DB38C}.Debug|Any CPU.ActiveCfg = Debug|Any CPU
		{E85AD0D8-4652-49AE-BA45-5640153DB38C}.Debug|Any CPU.Build.0 = Debug|Any CPU
		{E85AD0D8-4652-49AE-BA45-5640153DB38C}.Release|Any CPU.ActiveCfg = Release|Any CPU
		{E85AD0D8-4652-49AE-BA45-5640153DB38C}.Release|Any CPU.Build.0 = Release|Any CPU
		{E5269D84-A655-49CF-BC38-B8DED71BDBD5}.Debug|Any CPU.ActiveCfg = Debug|Any CPU
		{E5269D84-A655-49CF-BC38-B8DED71BDBD5}.Debug|Any CPU.Build.0 = Debug|Any CPU
		{E5269D84-A655-49CF-BC38-B8DED71BDBD5}.Release|Any CPU.ActiveCfg = Release|Any CPU
		{E5269D84-A655-49CF-BC38-B8DED71BDBD5}.Release|Any CPU.Build.0 = Release|Any CPU
		{02ED7D51-96D3-48F4-8C6F-C4DD259B948C}.Debug|Any CPU.ActiveCfg = Debug|Any CPU
		{02ED7D51-96D3-48F4-8C6F-C4DD259B948C}.Debug|Any CPU.Build.0 = Debug|Any CPU
		{02ED7D51-96D3-48F4-8C6F-C4DD259B948C}.Release|Any CPU.ActiveCfg = Release|Any CPU
		{02ED7D51-96D3-48F4-8C6F-C4DD259B948C}.Release|Any CPU.Build.0 = Release|Any CPU
		{6C8318B4-96F4-46EA-9746-B6E031EE0384}.Debug|Any CPU.ActiveCfg = Debug|Any CPU
		{6C8318B4-96F4-46EA-9746-B6E031EE0384}.Debug|Any CPU.Build.0 = Debug|Any CPU
		{6C8318B4-96F4-46EA-9746-B6E031EE0384}.Release|Any CPU.ActiveCfg = Release|Any CPU
		{6C8318B4-96F4-46EA-9746-B6E031EE0384}.Release|Any CPU.Build.0 = Release|Any CPU
		{11A12C48-C17D-4356-8BC2-A89F047E1D31}.Debug|Any CPU.ActiveCfg = Debug|Any CPU
		{11A12C48-C17D-4356-8BC2-A89F047E1D31}.Debug|Any CPU.Build.0 = Debug|Any CPU
		{11A12C48-C17D-4356-8BC2-A89F047E1D31}.Release|Any CPU.ActiveCfg = Release|Any CPU
		{11A12C48-C17D-4356-8BC2-A89F047E1D31}.Release|Any CPU.Build.0 = Release|Any CPU
		{B734F1B6-F56B-4A2B-A31C-F4CA7204E8F9}.Debug|Any CPU.ActiveCfg = Debug|Any CPU
		{B734F1B6-F56B-4A2B-A31C-F4CA7204E8F9}.Debug|Any CPU.Build.0 = Debug|Any CPU
		{B734F1B6-F56B-4A2B-A31C-F4CA7204E8F9}.Release|Any CPU.ActiveCfg = Release|Any CPU
		{B734F1B6-F56B-4A2B-A31C-F4CA7204E8F9}.Release|Any CPU.Build.0 = Release|Any CPU
		{052D0BB9-085B-4429-ABCC-9950D7C280E6}.Debug|Any CPU.ActiveCfg = Debug|Any CPU
		{052D0BB9-085B-4429-ABCC-9950D7C280E6}.Debug|Any CPU.Build.0 = Debug|Any CPU
		{052D0BB9-085B-4429-ABCC-9950D7C280E6}.Release|Any CPU.ActiveCfg = Release|Any CPU
		{052D0BB9-085B-4429-ABCC-9950D7C280E6}.Release|Any CPU.Build.0 = Release|Any CPU
		{7C40F1F7-DD6A-4F37-B77D-8B3728D02CF1}.Debug|Any CPU.ActiveCfg = Debug|Any CPU
		{7C40F1F7-DD6A-4F37-B77D-8B3728D02CF1}.Debug|Any CPU.Build.0 = Debug|Any CPU
		{7C40F1F7-DD6A-4F37-B77D-8B3728D02CF1}.Release|Any CPU.ActiveCfg = Release|Any CPU
		{7C40F1F7-DD6A-4F37-B77D-8B3728D02CF1}.Release|Any CPU.Build.0 = Release|Any CPU
		{20E8C0C5-6F33-4BAF-8BE1-CE5164DED005}.Debug|Any CPU.ActiveCfg = Debug|Any CPU
		{20E8C0C5-6F33-4BAF-8BE1-CE5164DED005}.Debug|Any CPU.Build.0 = Debug|Any CPU
		{20E8C0C5-6F33-4BAF-8BE1-CE5164DED005}.Release|Any CPU.ActiveCfg = Release|Any CPU
		{20E8C0C5-6F33-4BAF-8BE1-CE5164DED005}.Release|Any CPU.Build.0 = Release|Any CPU
		{2EAC40D7-3D74-4D02-BE1D-6D1C78123315}.Debug|Any CPU.ActiveCfg = Debug|Any CPU
		{2EAC40D7-3D74-4D02-BE1D-6D1C78123315}.Debug|Any CPU.Build.0 = Debug|Any CPU
		{2EAC40D7-3D74-4D02-BE1D-6D1C78123315}.Release|Any CPU.ActiveCfg = Release|Any CPU
		{2EAC40D7-3D74-4D02-BE1D-6D1C78123315}.Release|Any CPU.Build.0 = Release|Any CPU
	EndGlobalSection
EndGlobal
